# This file is automatically @generated by Cargo.
# It is not intended for manual editing.
version = 4

[[package]]
name = "binary-tree"
version = "0.2.0"
source = "registry+https://github.com/rust-lang/crates.io-index"
checksum = "195cfe2d570126f76b787500267993411a6b5fbf880bef38369682530ed909b4"

[[package]]
name = "ex05"
version = "0.1.0"
dependencies = [
 "binary-tree",
]
